
Microsoft Visual Studio Solution File, Format Version 12.00
# Visual Studio Version 16
VisualStudioVersion = 16.0.31624.102
MinimumVisualStudioVersion = 10.0.40219.1
Project("{FAE04EC0-301F-11D3-BF4B-00C04F79EFBC}") = "PizzaJuan", "PizzaJuan.csproj", "{D045BA61-80A6-4D8D-8EED-C6CFD55D5C2A}"
EndProject
Project("{FAE04EC0-301F-11D3-BF4B-00C04F79EFBC}") = "PizzaJuan.Tests", "..\PizzaJuan.Tests\PizzaJuan.Tests.csproj", "{C6744417-9D80-4C70-9518-AC9C6B7056B6}"
EndProject
Global
	GlobalSection(SolutionConfigurationPlatforms) = preSolution
		Debug|Any CPU = Debug|Any CPU
		Release|Any CPU = Release|Any CPU
	EndGlobalSection
	GlobalSection(ProjectConfigurationPlatforms) = postSolution
		{D045BA61-80A6-4D8D-8EED-C6CFD55D5C2A}.Debug|Any CPU.ActiveCfg = Debug|Any CPU
		{D045BA61-80A6-4D8D-8EED-C6CFD55D5C2A}.Debug|Any CPU.Build.0 = Debug|Any CPU
		{D045BA61-80A6-4D8D-8EED-C6CFD55D5C2A}.Release|Any CPU.ActiveCfg = Release|Any CPU
		{D045BA61-80A6-4D8D-8EED-C6CFD55D5C2A}.Release|Any CPU.Build.0 = Release|Any CPU
		{C6744417-9D80-4C70-9518-AC9C6B7056B6}.Debug|Any CPU.ActiveCfg = Debug|Any CPU
		{C6744417-9D80-4C70-9518-AC9C6B7056B6}.Debug|Any CPU.Build.0 = Debug|Any CPU
		{C6744417-9D80-4C70-9518-AC9C6B7056B6}.Release|Any CPU.ActiveCfg = Release|Any CPU
		{C6744417-9D80-4C70-9518-AC9C6B7056B6}.Release|Any CPU.Build.0 = Release|Any CPU
	EndGlobalSection
	GlobalSection(SolutionProperties) = preSolution
		HideSolutionNode = FALSE
	EndGlobalSection
	GlobalSection(ExtensibilityGlobals) = postSolution
		SolutionGuid = {08D7E8DD-04E2-427E-82F4-DE75A784E565}
	EndGlobalSection
EndGlobal
